{
  "name": "infoods",
  "version": "1.0.0",
  "lockfileVersion": 1,
  "requires": true,
  "dependencies": {
    "@infoods/tagnames": {
      "version": "1.0.1",
      "resolved": "https://registry.npmjs.org/@infoods/tagnames/-/tagnames-1.0.1.tgz",
      "integrity": "sha512-GQmaj9huQ639OHnnEK8Engn3TXqCQAInx08YNRDBF04UGYsa5JEGQRgN64VY0V2z2T5IBYIHljf5//BJ+xw3zQ==",
      "requires": {
        "lunr": "^2.3.8",
        "sql-extra": "^0.1.13"
      }
    },
    "lunr": {
      "version": "2.3.8",
      "resolved": "https://registry.npmjs.org/lunr/-/lunr-2.3.8.tgz",
      "integrity": "sha512-oxMeX/Y35PNFuZoHp+jUj5OSEmLCaIH4KTFJh7a93cHBoFmpw2IoPs22VIz7vyO2YUnx2Tn9dzIwO2P/4quIRg=="
    },
    "sql-extra": {
      "version": "0.1.13",
      "resolved": "https://registry.npmjs.org/sql-extra/-/sql-extra-0.1.13.tgz",
      "integrity": "sha512-TRuGNJPX7gMdNZFLkUZADtK7Lmqq1zeXf+56Mkj7XP8xCqm+jcFE80B94BsGXVNkdIexOPhHgwqI2kLRhbhSFg=="
    }
  }
}
